
Microsoft Visual Studio Solution File, Format Version 12.00
# Visual Studio Version 17
VisualStudioVersion = 17.0.31903.59
MinimumVisualStudioVersion = 10.0.40219.1
Project("{FAE04EC0-301F-11D3-BF4B-00C04F79EFBC}") = "CompressWithLZ4net", "CompressWithLZ4net\CompressWithLZ4net.csproj", "{A0A63EEB-0617-48E5-B28E-F599CABB37DE}"
EndProject
Project("{2150E333-8FDC-42A3-9474-1A3956D46DE8}") = ".files", ".files", "{E13B734F-35B6-4CF6-AC3C-56999B64DE5E}"
EndProject
Project("{FAE04EC0-301F-11D3-BF4B-00C04F79EFBC}") = "DecompressWithK4osLZ4", "DecompressWithK4osLZ4\DecompressWithK4osLZ4.csproj", "{F524C9BD-BD23-4AC4-85A6-ACA67A726F1D}"
EndProject
Global
	GlobalSection(SolutionConfigurationPlatforms) = preSolution
		Debug|Any CPU = Debug|Any CPU
		Release|Any CPU = Release|Any CPU
	EndGlobalSection
	GlobalSection(SolutionProperties) = preSolution
		HideSolutionNode = FALSE
	EndGlobalSection
	GlobalSection(ProjectConfigurationPlatforms) = postSolution
		{A0A63EEB-0617-48E5-B28E-F599CABB37DE}.Debug|Any CPU.ActiveCfg = Debug|Any CPU
		{A0A63EEB-0617-48E5-B28E-F599CABB37DE}.Debug|Any CPU.Build.0 = Debug|Any CPU
		{A0A63EEB-0617-48E5-B28E-F599CABB37DE}.Release|Any CPU.ActiveCfg = Release|Any CPU
		{A0A63EEB-0617-48E5-B28E-F599CABB37DE}.Release|Any CPU.Build.0 = Release|Any CPU
		{F524C9BD-BD23-4AC4-85A6-ACA67A726F1D}.Debug|Any CPU.ActiveCfg = Debug|Any CPU
		{F524C9BD-BD23-4AC4-85A6-ACA67A726F1D}.Debug|Any CPU.Build.0 = Debug|Any CPU
		{F524C9BD-BD23-4AC4-85A6-ACA67A726F1D}.Release|Any CPU.ActiveCfg = Release|Any CPU
		{F524C9BD-BD23-4AC4-85A6-ACA67A726F1D}.Release|Any CPU.Build.0 = Release|Any CPU
	EndGlobalSection
EndGlobal
