STORAGE: NONE
RESTRICTION: || (== net10.0) (== net462) (== netstandard2.0) (== netstandard2.1)
NUGET
  remote: https://www.nuget.org/api/v2
    BenchmarkDotNet (0.15.8)
      BenchmarkDotNet.Annotations (>= 0.15.8) - restriction: || (== net10.0) (&& (== net462) (>= netstandard2.0)) (== netstandard2.0) (== netstandard2.1)
      CommandLineParser (>= 2.9.1) - restriction: || (== net10.0) (&& (== net462) (>= netstandard2.0)) (== netstandard2.0) (== netstandard2.1)
      Gee.External.Capstone (>= 2.3) - restriction: || (== net10.0) (&& (== net462) (>= netstandard2.0)) (== netstandard2.0) (== netstandard2.1)
      Iced (>= 1.21) - restriction: || (== net10.0) (&& (== net462) (>= netstandard2.0)) (== netstandard2.0) (== netstandard2.1)
      Microsoft.CodeAnalysis.CSharp (>= 4.14) - restriction: || (== net10.0) (&& (== net462) (>= netstandard2.0)) (== netstandard2.0) (== netstandard2.1)
      Microsoft.Diagnostics.Runtime (>= 3.1.512801) - restriction: || (== net10.0) (&& (== net462) (>= netstandard2.0)) (== netstandard2.0) (== netstandard2.1)
      Microsoft.Diagnostics.Tracing.TraceEvent (>= 3.1.21) - restriction: || (== net10.0) (&& (== net462) (>= netstandard2.0)) (== netstandard2.0) (== netstandard2.1)
      Microsoft.DotNet.PlatformAbstractions (>= 3.1.6) - restriction: || (== net10.0) (&& (== net462) (>= netstandard2.0)) (== netstandard2.0) (== netstandard2.1)
      Microsoft.Win32.Registry (>= 5.0) - restriction: || (&& (== net10.0) (< net6.0)) (&& (== net462) (>= netstandard2.0)) (== netstandard2.0) (== netstandard2.1)
      Perfolizer (0.6.1) - restriction: || (== net10.0) (&& (== net462) (>= netstandard2.0)) (== netstandard2.0) (== netstandard2.1)
      System.Management (>= 9.0.5) - restriction: || (== net10.0) (&& (== net462) (>= netstandard2.0)) (== netstandard2.0) (== netstandard2.1)
      System.Numerics.Vectors (>= 4.5) - restriction: || (&& (== net10.0) (< net6.0)) (&& (== net462) (>= netstandard2.0)) (== netstandard2.0) (== netstandard2.1)
      System.Reflection.Emit (>= 4.7) - restriction: || (&& (== net10.0) (< net6.0)) (&& (== net462) (>= netstandard2.0)) (== netstandard2.0) (== netstandard2.1)
      System.Reflection.Emit.Lightweight (>= 4.7) - restriction: || (&& (== net10.0) (< net6.0)) (&& (== net462) (>= netstandard2.0)) (== netstandard2.0) (== netstandard2.1)
      System.Threading.Tasks.Extensions (>= 4.6.3) - restriction: || (&& (== net10.0) (< net6.0)) (&& (== net462) (>= netstandard2.0)) (== netstandard2.0) (== netstandard2.1)
    BenchmarkDotNet.Annotations (0.15.8) - restriction: || (== net10.0) (&& (== net462) (>= netstandard2.0)) (== netstandard2.0) (== netstandard2.1)
    CommandLineParser (2.9.1) - restriction: || (== net10.0) (&& (== net462) (>= netstandard2.0)) (== netstandard2.0) (== netstandard2.1)
    coverlet.collector (8.0.1)
    Gee.External.Capstone (2.3) - restriction: || (== net10.0) (&& (== net462) (>= netstandard2.0)) (== netstandard2.0) (== netstandard2.1)
    Iced (1.21) - restriction: || (== net10.0) (&& (== net462) (>= netstandard2.0)) (== netstandard2.0) (== netstandard2.1)
    lz4net (1.0.15.93)
      lz4net.unsafe.netcore (1.0.15.93) - restriction: || (== net10.0) (&& (== net462) (< net20)) (== netstandard2.0) (== netstandard2.1)
      NETStandard.Library (>= 1.6.1) - restriction: || (== net10.0) (&& (== net462) (< net20)) (== netstandard2.0) (== netstandard2.1)
    lz4net.unsafe.netcore (1.0.15.93) - restriction: || (== net10.0) (&& (== net462) (< net20)) (== netstandard2.0) (== netstandard2.1)
      NETStandard.Library (>= 1.6.1)
    Microsoft.Bcl.AsyncInterfaces (10.0.5) - restriction: || (&& (== net10.0) (== net462)) (&& (== net10.0) (>= net462)) (&& (== net10.0) (< net8.0)) (&& (== net10.0) (< netstandard2.1)) (&& (== net462) (>= netstandard2.0)) (== netstandard2.0) (== netstandard2.1)
      System.Threading.Tasks.Extensions (>= 4.6.3) - restriction: || (&& (== net10.0) (>= net462)) (&& (== net10.0) (< netstandard2.1)) (== net462) (== netstandard2.0) (&& (== netstandard2.1) (>= net462))
    Microsoft.CodeAnalysis.Analyzers (5.3) - restriction: || (== net10.0) (&& (== net462) (>= netstandard2.0)) (== netstandard2.0) (== netstandard2.1)
    Microsoft.CodeAnalysis.Common (5.3) - restriction: || (== net10.0) (&& (== net462) (>= netstandard2.0)) (== netstandard2.0) (== netstandard2.1)
      Microsoft.CodeAnalysis.Analyzers (>= 5.3.0-2.25625.1) - restriction: || (== net10.0) (&& (== net462) (>= netstandard2.0)) (== netstandard2.0) (== netstandard2.1)
      System.Buffers (>= 4.6) - restriction: || (&& (== net10.0) (< net8.0)) (&& (== net462) (>= netstandard2.0)) (== netstandard2.0) (== netstandard2.1)
      System.Collections.Immutable (>= 9.0) - restriction: || (&& (== net10.0) (< net8.0)) (&& (== net10.0) (< net9.0)) (&& (== net462) (>= net8.0)) (&& (== net462) (>= netstandard2.0)) (== netstandard2.0) (== netstandard2.1)
      System.Memory (>= 4.6) - restriction: || (&& (== net10.0) (< net8.0)) (&& (== net462) (>= netstandard2.0)) (== netstandard2.0) (== netstandard2.1)
      System.Numerics.Vectors (>= 4.6) - restriction: || (&& (== net10.0) (< net8.0)) (&& (== net462) (>= netstandard2.0)) (== netstandard2.0) (== netstandard2.1)
      System.Reflection.Metadata (>= 9.0) - restriction: || (&& (== net10.0) (< net8.0)) (&& (== net10.0) (< net9.0)) (&& (== net462) (>= net8.0)) (&& (== net462) (>= netstandard2.0)) (== netstandard2.0) (== netstandard2.1)
      System.Runtime.CompilerServices.Unsafe (>= 6.1) - restriction: || (&& (== net10.0) (< net8.0)) (&& (== net462) (>= netstandard2.0)) (== netstandard2.0) (== netstandard2.1)
      System.Text.Encoding.CodePages (>= 8.0) - restriction: || (&& (== net10.0) (< net8.0)) (&& (== net462) (>= netstandard2.0)) (== netstandard2.0) (== netstandard2.1)
      System.Threading.Tasks.Extensions (>= 4.6) - restriction: || (&& (== net10.0) (< net8.0)) (&& (== net462) (>= netstandard2.0)) (== netstandard2.0) (== netstandard2.1)
    Microsoft.CodeAnalysis.CSharp (5.3) - restriction: || (== net10.0) (&& (== net462) (>= netstandard2.0)) (== netstandard2.0) (== netstandard2.1)
      Microsoft.CodeAnalysis.Analyzers (>= 5.3.0-2.25625.1) - restriction: || (== net10.0) (&& (== net462) (>= netstandard2.0)) (== netstandard2.0) (== netstandard2.1)
      Microsoft.CodeAnalysis.Common (5.3) - restriction: || (== net10.0) (&& (== net462) (>= netstandard2.0)) (== netstandard2.0) (== netstandard2.1)
      System.Buffers (>= 4.6) - restriction: || (&& (== net10.0) (< net8.0)) (&& (== net462) (>= netstandard2.0)) (== netstandard2.0) (== netstandard2.1)
      System.Collections.Immutable (>= 9.0) - restriction: || (&& (== net10.0) (< net8.0)) (&& (== net10.0) (< net9.0)) (&& (== net462) (>= net8.0)) (&& (== net462) (>= netstandard2.0)) (== netstandard2.0) (== netstandard2.1)
      System.Memory (>= 4.6) - restriction: || (&& (== net10.0) (< net8.0)) (&& (== net462) (>= netstandard2.0)) (== netstandard2.0) (== netstandard2.1)
      System.Numerics.Vectors (>= 4.6) - restriction: || (&& (== net10.0) (< net8.0)) (&& (== net462) (>= netstandard2.0)) (== netstandard2.0) (== netstandard2.1)
      System.Reflection.Metadata (>= 9.0) - restriction: || (&& (== net10.0) (< net8.0)) (&& (== net10.0) (< net9.0)) (&& (== net462) (>= net8.0)) (&& (== net462) (>= netstandard2.0)) (== netstandard2.0) (== netstandard2.1)
      System.Runtime.CompilerServices.Unsafe (>= 6.1) - restriction: || (&& (== net10.0) (< net8.0)) (&& (== net462) (>= netstandard2.0)) (== netstandard2.0) (== netstandard2.1)
      System.Text.Encoding.CodePages (>= 8.0) - restriction: || (&& (== net10.0) (< net8.0)) (&& (== net462) (>= netstandard2.0)) (== netstandard2.0) (== netstandard2.1)
      System.Threading.Tasks.Extensions (>= 4.6) - restriction: || (&& (== net10.0) (< net8.0)) (&& (== net462) (>= netstandard2.0)) (== netstandard2.0) (== netstandard2.1)
    Microsoft.CodeCoverage (18.3) - restriction: || (== net10.0) (== net462) (&& (== netstandard2.0) (>= net462)) (&& (== netstandard2.0) (>= net8.0)) (&& (== netstandard2.1) (>= net462)) (&& (== netstandard2.1) (>= net8.0))
    Microsoft.Diagnostics.NETCore.Client (0.2.661903) - restriction: || (== net10.0) (&& (== net462) (>= netstandard2.0)) (== netstandard2.0) (== netstandard2.1)
      Microsoft.Bcl.AsyncInterfaces (>= 9.0.8) - restriction: || (&& (== net10.0) (< net8.0)) (&& (== net462) (>= netstandard2.0)) (== netstandard2.0) (== netstandard2.1)
      Microsoft.Extensions.Logging.Abstractions (>= 8.0.3) - restriction: || (== net10.0) (&& (== net462) (>= netstandard2.0)) (== netstandard2.0) (== netstandard2.1)
      System.Buffers (>= 4.5.1) - restriction: || (&& (== net10.0) (< net8.0)) (&& (== net462) (>= netstandard2.0)) (== netstandard2.0) (== netstandard2.1)
    Microsoft.Diagnostics.Runtime (3.1.512801) - restriction: || (== net10.0) (&& (== net462) (>= netstandard2.0)) (== netstandard2.0) (== netstandard2.1)
      Microsoft.Diagnostics.NETCore.Client (>= 0.2.410101) - restriction: || (== net10.0) (&& (== net462) (>= netstandard2.0)) (== netstandard2.0) (== netstandard2.1)
      System.Collections.Immutable (>= 6.0) - restriction: || (&& (== net10.0) (< net6.0)) (&& (== net462) (>= netstandard2.0)) (== netstandard2.0) (== netstandard2.1)
      System.Runtime.CompilerServices.Unsafe (>= 6.0) - restriction: || (&& (== net10.0) (< net6.0)) (&& (== net462) (>= netstandard2.0)) (== netstandard2.0) (== netstandard2.1)
    Microsoft.Diagnostics.Tracing.TraceEvent (3.1.30) - restriction: || (== net10.0) (&& (== net462) (>= netstandard2.0)) (== netstandard2.0) (== netstandard2.1)
      Microsoft.Diagnostics.NETCore.Client (>= 0.2.510501) - restriction: || (== net10.0) (&& (== net462) (>= netstandard2.0)) (== netstandard2.0) (== netstandard2.1)
      Microsoft.Win32.Registry (>= 5.0) - restriction: || (== net10.0) (&& (== net462) (>= netstandard2.0)) (== netstandard2.0) (== netstandard2.1)
      System.Collections.Immutable (>= 9.0.8) - restriction: || (== net10.0) (&& (== net462) (>= netstandard2.0)) (== netstandard2.0) (== netstandard2.1)
      System.Reflection.Metadata (>= 9.0.8) - restriction: || (== net10.0) (&& (== net462) (>= netstandard2.0)) (== netstandard2.0) (== netstandard2.1)
      System.Reflection.TypeExtensions (>= 4.7) - restriction: || (== net10.0) (&& (== net462) (>= netstandard2.0)) (== netstandard2.0) (== netstandard2.1)
      System.Runtime.CompilerServices.Unsafe (>= 6.1.2) - restriction: || (== net10.0) (&& (== net462) (>= netstandard2.0)) (== netstandard2.0) (== netstandard2.1)
      System.Text.Json (>= 9.0.8) - restriction: || (== net10.0) (&& (== net462) (>= netstandard2.0)) (== netstandard2.0) (== netstandard2.1)
    Microsoft.DotNet.PlatformAbstractions (3.1.6) - restriction: || (== net10.0) (&& (== net462) (>= netstandard2.0)) (== netstandard2.0) (== netstandard2.1)
    Microsoft.Extensions.DependencyInjection.Abstractions (10.0.5) - restriction: || (== net10.0) (&& (== net462) (>= netstandard2.0)) (== netstandard2.0) (== netstandard2.1)
      Microsoft.Bcl.AsyncInterfaces (>= 10.0.5) - restriction: || (&& (== net10.0) (>= net462)) (&& (== net10.0) (< netstandard2.1)) (== net462) (== netstandard2.0) (&& (== netstandard2.1) (>= net462))
      System.Threading.Tasks.Extensions (>= 4.6.3) - restriction: || (&& (== net10.0) (>= net462)) (&& (== net10.0) (< netstandard2.1)) (== net462) (== netstandard2.0) (&& (== netstandard2.1) (>= net462))
    Microsoft.Extensions.Logging.Abstractions (10.0.5) - restriction: || (== net10.0) (&& (== net462) (>= netstandard2.0)) (== netstandard2.0) (== netstandard2.1)
      Microsoft.Extensions.DependencyInjection.Abstractions (>= 10.0.5)
      System.Buffers (>= 4.6.1) - restriction: || (&& (== net10.0) (>= net462)) (&& (== net10.0) (< net8.0)) (== net462) (== netstandard2.0) (== netstandard2.1)
      System.Diagnostics.DiagnosticSource (>= 10.0.5) - restriction: || (&& (== net10.0) (>= net462)) (&& (== net10.0) (< net8.0)) (&& (== net10.0) (< net9.0)) (== net462) (== netstandard2.0) (== netstandard2.1)
      System.Memory (>= 4.6.3) - restriction: || (&& (== net10.0) (>= net462)) (&& (== net10.0) (< net8.0)) (== net462) (== netstandard2.0) (== netstandard2.1)
    Microsoft.NET.Test.Sdk (18.3)
      Microsoft.CodeCoverage (>= 18.3) - restriction: || (== net10.0) (== net462) (&& (== netstandard2.0) (>= net462)) (&& (== netstandard2.0) (>= net8.0)) (&& (== netstandard2.1) (>= net462)) (&& (== netstandard2.1) (>= net8.0))
      Microsoft.TestPlatform.TestHost (>= 18.3) - restriction: || (== net10.0) (&& (== net462) (>= net8.0)) (&& (== netstandard2.0) (>= net8.0)) (&& (== netstandard2.1) (>= net8.0))
    Microsoft.NETCore.Platforms (7.0.4) - restriction: || (== net10.0) (&& (== net462) (< net20)) (&& (== net462) (>= netcoreapp2.0)) (&& (== net462) (< netstandard1.0) (>= win8)) (&& (== net462) (< netstandard1.3) (>= wpa81)) (&& (== net462) (< netstandard1.5) (>= uap10.0)) (&& (== net462) (>= uap10.1)) (&& (== net462) (>= wp8)) (== netstandard2.0) (== netstandard2.1)
    Microsoft.TestPlatform.ObjectModel (18.3) - restriction: || (== net10.0) (== net462) (&& (== netstandard2.0) (>= net462)) (&& (== netstandard2.0) (>= net8.0)) (&& (== netstandard2.1) (>= net462)) (&& (== netstandard2.1) (>= net8.0))
      System.Reflection.Metadata (>= 8.0)
    Microsoft.TestPlatform.TestHost (18.3) - restriction: || (== net10.0) (&& (== net462) (>= net8.0)) (&& (== netstandard2.0) (>= net8.0)) (&& (== netstandard2.1) (>= net8.0))
      Microsoft.TestPlatform.ObjectModel (>= 18.3) - restriction: || (== net10.0) (&& (== net462) (>= net8.0)) (&& (== netstandard2.0) (>= net8.0)) (&& (== netstandard2.1) (>= net8.0))
      Newtonsoft.Json (>= 13.0.3) - restriction: || (== net10.0) (&& (== net462) (>= net8.0)) (&& (== netstandard2.0) (>= net8.0)) (&& (== netstandard2.1) (>= net8.0))
    Microsoft.Win32.Registry (5.0) - restriction: || (== net10.0) (&& (== net462) (>= netstandard2.0)) (== netstandard2.0) (== netstandard2.1)
      System.Buffers (>= 4.5.1) - restriction: || (&& (== net10.0) (>= monoandroid) (< netstandard1.3)) (&& (== net10.0) (>= monotouch)) (&& (== net10.0) (< netcoreapp2.0)) (&& (== net10.0) (>= xamarinios)) (&& (== net10.0) (>= xamarinmac)) (&& (== net10.0) (>= xamarintvos)) (&& (== net10.0) (>= xamarinwatchos)) (&& (== net462) (>= monoandroid) (< netstandard1.3)) (&& (== net462) (>= monotouch)) (&& (== net462) (< net46) (>= netstandard2.0)) (&& (== net462) (>= xamarinios)) (&& (== net462) (>= xamarinmac)) (&& (== net462) (>= xamarintvos)) (&& (== net462) (>= xamarinwatchos)) (== netstandard2.0) (== netstandard2.1)
      System.Memory (>= 4.5.4) - restriction: || (&& (== net10.0) (< netcoreapp2.0)) (&& (== net10.0) (< netcoreapp2.1)) (&& (== net10.0) (>= uap10.1)) (&& (== net462) (< net46) (>= netstandard2.0)) (&& (== net462) (>= netcoreapp2.0)) (&& (== net462) (>= uap10.1)) (== netstandard2.0) (== netstandard2.1)
      System.Security.AccessControl (>= 5.0)
      System.Security.Principal.Windows (>= 5.0)
    NETStandard.Library (2.0.3) - restriction: || (== net10.0) (&& (== net462) (< net20)) (== netstandard2.0) (== netstandard2.1)
      Microsoft.NETCore.Platforms (>= 1.1)
    Newtonsoft.Json (13.0.3) - restriction: || (== net10.0) (&& (== net462) (>= net8.0)) (&& (== netstandard2.0) (>= net8.0)) (&& (== netstandard2.1) (>= net8.0))
    Perfolizer (0.6.1) - restriction: || (== net10.0) (&& (== net462) (>= netstandard2.0)) (== netstandard2.0) (== netstandard2.1)
      Pragmastat (>= 3.2.4) - restriction: || (== net10.0) (&& (== net462) (>= netstandard2.0)) (== netstandard2.0) (== netstandard2.1)
      System.Memory (>= 4.5.5) - restriction: || (&& (== net10.0) (< net6.0)) (&& (== net462) (>= netstandard2.0)) (== netstandard2.0) (== netstandard2.1)
    Pragmastat (12.0.1) - restriction: || (== net10.0) (&& (== net462) (>= netstandard2.0)) (== netstandard2.0) (== netstandard2.1)
      System.Memory (>= 4.5.5) - restriction: || (&& (== net10.0) (< net6.0)) (&& (== net462) (>= netstandard2.0)) (== netstandard2.0) (== netstandard2.1)
    SharpZipLib (1.4.2)
      System.Memory (>= 4.5.4) - restriction: || (&& (== net10.0) (< netstandard2.1)) (&& (== net462) (>= netstandard2.0)) (== netstandard2.0)
      System.Threading.Tasks.Extensions (>= 4.5.2) - restriction: || (&& (== net10.0) (< netstandard2.1)) (&& (== net462) (>= netstandard2.0)) (== netstandard2.0)
    System.Buffers (4.6.1) - restriction: || (&& (== net10.0) (>= net462)) (&& (== net10.0) (< net8.0)) (&& (== net10.0) (< netcoreapp2.1) (< netstandard2.1)) (== net462) (== netstandard2.0) (== netstandard2.1)
    System.CodeDom (10.0.5) - restriction: || (== net10.0) (&& (== net462) (>= netstandard2.0)) (== netstandard2.0) (== netstandard2.1)
    System.Collections.Immutable (10.0.5) - restriction: || (== net10.0) (&& (== net462) (>= net8.0)) (&& (== net462) (>= net9.0)) (&& (== net462) (>= netstandard2.0)) (== netstandard2.0) (== netstandard2.1)
      System.Memory (>= 4.6.3) - restriction: || (&& (== net10.0) (>= net462)) (&& (== net10.0) (< net8.0)) (== net462) (== netstandard2.0) (== netstandard2.1)
      System.Runtime.CompilerServices.Unsafe (>= 6.1.2) - restriction: || (&& (== net10.0) (>= net462)) (&& (== net10.0) (< net8.0)) (== net462) (== netstandard2.0) (== netstandard2.1)
    System.Diagnostics.DiagnosticSource (10.0.5) - restriction: || (&& (== net10.0) (== net462)) (&& (== net10.0) (>= net462)) (&& (== net10.0) (< net8.0)) (&& (== net10.0) (< net9.0)) (&& (== net462) (>= net8.0)) (&& (== net462) (>= net9.0)) (&& (== net462) (>= netstandard2.0)) (== netstandard2.0) (== netstandard2.1)
      System.Memory (>= 4.6.3) - restriction: || (&& (== net10.0) (>= net462)) (&& (== net10.0) (< net8.0)) (== net462) (== netstandard2.0) (== netstandard2.1)
      System.Runtime.CompilerServices.Unsafe (>= 6.1.2) - restriction: || (&& (== net10.0) (>= net462)) (&& (== net10.0) (< net8.0)) (== net462) (== netstandard2.0) (== netstandard2.1)
    System.IO.Pipelines (10.0.5) - restriction: || (&& (== net10.0) (== net462)) (&& (== net10.0) (>= net462)) (&& (== net10.0) (< net8.0)) (&& (== net10.0) (< net9.0)) (&& (== net462) (>= net8.0)) (&& (== net462) (>= net9.0)) (&& (== net462) (>= netstandard2.0)) (== netstandard2.0) (== netstandard2.1)
      System.Buffers (>= 4.6.1) - restriction: || (&& (== net10.0) (>= net462)) (&& (== net10.0) (< net8.0)) (== net462) (== netstandard2.0) (== netstandard2.1)
      System.Memory (>= 4.6.3) - restriction: || (&& (== net10.0) (>= net462)) (&& (== net10.0) (< net8.0)) (== net462) (== netstandard2.0) (== netstandard2.1)
      System.Threading.Tasks.Extensions (>= 4.6.3) - restriction: || (&& (== net10.0) (>= net462)) (&& (== net10.0) (< net8.0)) (== net462) (== netstandard2.0) (== netstandard2.1)
    System.Management (10.0.5) - restriction: || (== net10.0) (&& (== net462) (>= netstandard2.0)) (== netstandard2.0) (== netstandard2.1)
      System.CodeDom (>= 10.0.5) - restriction: || (== net10.0) (&& (== net462) (>= netstandard2.0)) (== netstandard2.0) (== netstandard2.1)
    System.Memory (4.6.3)
      System.Buffers (>= 4.6.1) - restriction: || (&& (== net10.0) (>= net462)) (&& (== net10.0) (< netcoreapp2.1) (< netstandard2.1)) (== net462) (== netstandard2.0) (&& (== netstandard2.1) (>= net462))
      System.Numerics.Vectors (>= 4.6.1) - restriction: || (&& (== net10.0) (>= net462)) (&& (== net10.0) (< netcoreapp2.1) (< netstandard2.1)) (== net462) (== netstandard2.0) (&& (== netstandard2.1) (>= net462))
      System.Runtime.CompilerServices.Unsafe (>= 6.1.2) - restriction: || (&& (== net10.0) (>= net462)) (&& (== net10.0) (< netcoreapp2.1) (< netstandard2.1)) (== net462) (== netstandard2.0) (&& (== netstandard2.1) (>= net462))
    System.Numerics.Vectors (4.6.1) - restriction: || (&& (== net10.0) (>= net462)) (&& (== net10.0) (< net8.0)) (&& (== net10.0) (< netcoreapp2.1) (< netstandard2.1)) (== net462) (== netstandard2.0) (== netstandard2.1)
    System.Reflection.Emit (4.7) - restriction: || (&& (== net10.0) (== net462)) (&& (== net10.0) (< net6.0)) (&& (== net462) (>= netstandard2.0)) (== netstandard2.0) (== netstandard2.1)
      System.Reflection.Emit.ILGeneration (>= 4.7) - restriction: || (&& (== net10.0) (< netcoreapp2.0) (< netstandard2.1)) (&& (== net10.0) (< netstandard1.1)) (&& (== net10.0) (< netstandard2.0)) (&& (== net10.0) (>= uap10.1)) (&& (== net462) (< net45)) (&& (== net462) (< netstandard1.1)) (&& (== net462) (>= uap10.1)) (&& (== net462) (>= wpa81)) (== netstandard2.0) (&& (== netstandard2.1) (< netstandard1.1)) (&& (== netstandard2.1) (< netstandard2.0)) (&& (== netstandard2.1) (>= uap10.1))
    System.Reflection.Emit.ILGeneration (4.7) - restriction: || (&& (== net10.0) (== net462)) (&& (== net10.0) (< netcoreapp2.0) (< netstandard2.1)) (&& (== net10.0) (< netstandard1.1)) (&& (== net10.0) (< netstandard2.0)) (&& (== net10.0) (>= uap10.1)) (&& (== net462) (== netstandard2.1)) (&& (== net462) (< net45) (>= netstandard2.0)) (&& (== net462) (< netstandard1.1) (>= netstandard2.0)) (&& (== net462) (>= netstandard2.0) (>= uap10.1)) (&& (== net462) (>= netstandard2.0) (>= wpa81)) (== netstandard2.0) (&& (== netstandard2.1) (< netstandard1.1)) (&& (== netstandard2.1) (< netstandard2.0)) (&& (== netstandard2.1) (>= uap10.1))
    System.Reflection.Emit.Lightweight (4.7) - restriction: || (&& (== net10.0) (== net462)) (&& (== net10.0) (< net6.0)) (&& (== net462) (>= netstandard2.0)) (== netstandard2.0) (== netstandard2.1)
      System.Reflection.Emit.ILGeneration (>= 4.7) - restriction: || (&& (== net10.0) (< netcoreapp2.0) (< netstandard2.1)) (&& (== net10.0) (< netstandard2.0)) (&& (== net10.0) (< portable-net45+wp8)) (&& (== net10.0) (>= uap10.1)) (&& (== net462) (< net45)) (&& (== net462) (< portable-net45+wp8)) (&& (== net462) (>= uap10.1)) (&& (== net462) (>= wpa81)) (== netstandard2.0) (&& (== netstandard2.1) (< netstandard2.0)) (&& (== netstandard2.1) (< portable-net45+wp8)) (&& (== netstandard2.1) (>= uap10.1))
    System.Reflection.Metadata (10.0.5)
      System.Collections.Immutable (>= 10.0.5) - restriction: || (&& (== net10.0) (>= net462)) (&& (== net10.0) (< net8.0)) (&& (== net10.0) (< net9.0)) (== net462) (== netstandard2.0) (== netstandard2.1)
    System.Reflection.TypeExtensions (4.7) - restriction: || (== net10.0) (&& (== net462) (>= netstandard2.0)) (== netstandard2.0) (== netstandard2.1)
    System.Runtime.CompilerServices.Unsafe (6.1.2)
    System.Security.AccessControl (6.0) - restriction: || (&& (== net10.0) (== net462)) (&& (== net10.0) (>= monoandroid) (< netstandard1.3)) (&& (== net10.0) (>= monotouch)) (&& (== net10.0) (>= net461)) (&& (== net10.0) (< net6.0)) (&& (== net10.0) (< netcoreapp2.0)) (&& (== net10.0) (>= uap10.1)) (&& (== net462) (>= netcoreapp2.0)) (&& (== net462) (>= netcoreapp2.1)) (&& (== net462) (>= netstandard2.0)) (&& (== net462) (>= xamarinios)) (&& (== net462) (>= xamarinmac)) (== netstandard2.0) (== netstandard2.1)
      System.Security.Principal.Windows (>= 5.0) - restriction: || (&& (== net10.0) (>= net461)) (&& (== net10.0) (< net6.0)) (== net462) (== netstandard2.0) (== netstandard2.1)
    System.Security.Principal.Windows (5.0) - restriction: || (&& (== net10.0) (== net462)) (&& (== net10.0) (>= monoandroid) (< netstandard1.3)) (&& (== net10.0) (>= monotouch)) (&& (== net10.0) (>= net461)) (&& (== net10.0) (< net6.0)) (&& (== net10.0) (< netcoreapp2.0)) (&& (== net10.0) (>= uap10.1)) (&& (== net462) (>= netcoreapp2.0)) (&& (== net462) (>= netcoreapp2.1)) (&& (== net462) (>= netstandard2.0)) (&& (== net462) (>= xamarinios)) (&& (== net462) (>= xamarinmac)) (== netstandard2.0) (== netstandard2.1)
    System.Text.Encoding.CodePages (10.0.5) - restriction: || (&& (== net10.0) (== net462)) (&& (== net10.0) (< net8.0)) (&& (== net462) (>= netstandard2.0)) (== netstandard2.0) (== netstandard2.1)
      System.Memory (>= 4.6.3) - restriction: || (&& (== net10.0) (>= net462)) (&& (== net10.0) (< net8.0)) (== net462) (== netstandard2.0) (== netstandard2.1)
      System.Runtime.CompilerServices.Unsafe (>= 6.1.2) - restriction: || (&& (== net10.0) (>= net462)) (&& (== net10.0) (< net8.0)) (== net462) (== netstandard2.0) (== netstandard2.1)
    System.Text.Encodings.Web (10.0.5) - restriction: || (&& (== net10.0) (== net462)) (&& (== net10.0) (>= net462)) (&& (== net10.0) (< net8.0)) (&& (== net10.0) (< net9.0)) (&& (== net462) (>= net8.0)) (&& (== net462) (>= net9.0)) (&& (== net462) (>= netstandard2.0)) (== netstandard2.0) (== netstandard2.1)
      System.Buffers (>= 4.6.1) - restriction: || (&& (== net10.0) (>= net462)) (&& (== net10.0) (< net8.0)) (== net462) (== netstandard2.0) (== netstandard2.1)
      System.Memory (>= 4.6.3) - restriction: || (&& (== net10.0) (>= net462)) (&& (== net10.0) (< net8.0)) (== net462) (== netstandard2.0) (== netstandard2.1)
      System.Runtime.CompilerServices.Unsafe (>= 6.1.2) - restriction: || (&& (== net10.0) (>= net462)) (&& (== net10.0) (< net8.0)) (== net462) (== netstandard2.0) (== netstandard2.1)
    System.Text.Json (10.0.5) - restriction: || (== net10.0) (&& (== net462) (>= netstandard2.0)) (== netstandard2.0) (== netstandard2.1)
      Microsoft.Bcl.AsyncInterfaces (>= 10.0.5) - restriction: || (&& (== net10.0) (>= net462)) (&& (== net10.0) (< net8.0)) (== net462) (== netstandard2.0) (== netstandard2.1)
      System.Buffers (>= 4.6.1) - restriction: || (&& (== net10.0) (>= net462)) (&& (== net10.0) (< net8.0)) (== net462) (== netstandard2.0) (== netstandard2.1)
      System.IO.Pipelines (>= 10.0.5) - restriction: || (&& (== net10.0) (>= net462)) (&& (== net10.0) (< net8.0)) (&& (== net10.0) (< net9.0)) (== net462) (== netstandard2.0) (== netstandard2.1)
      System.Memory (>= 4.6.3) - restriction: || (&& (== net10.0) (>= net462)) (&& (== net10.0) (< net8.0)) (== net462) (== netstandard2.0) (== netstandard2.1)
      System.Runtime.CompilerServices.Unsafe (>= 6.1.2) - restriction: || (&& (== net10.0) (>= net462)) (&& (== net10.0) (< net8.0)) (== net462) (== netstandard2.0) (== netstandard2.1)
      System.Text.Encodings.Web (>= 10.0.5) - restriction: || (&& (== net10.0) (>= net462)) (&& (== net10.0) (< net8.0)) (&& (== net10.0) (< net9.0)) (== net462) (== netstandard2.0) (== netstandard2.1)
      System.Threading.Tasks.Extensions (>= 4.6.3) - restriction: || (&& (== net10.0) (>= net462)) (&& (== net10.0) (< net8.0)) (== net462) (== netstandard2.0) (== netstandard2.1)
    System.Threading.Tasks.Extensions (4.6.3) - restriction: || (&& (== net10.0) (== net462)) (&& (== net10.0) (>= net462)) (&& (== net10.0) (< net6.0)) (&& (== net10.0) (< netstandard2.1)) (&& (== net462) (>= netstandard2.0)) (== netstandard2.0) (== netstandard2.1)
      System.Runtime.CompilerServices.Unsafe (>= 6.1.2) - restriction: || (&& (== net10.0) (>= net462)) (&& (== net10.0) (< netcoreapp2.1) (< netstandard2.1)) (== net462) (== netstandard2.0) (&& (== netstandard2.1) (>= net462))
    xunit (2.9.3)
      xunit.analyzers (>= 1.18)
      xunit.assert (>= 2.9.3)
      xunit.core (2.9.3)
    xunit.abstractions (2.0.3)
    xunit.analyzers (1.27)
    xunit.assert (2.9.3)
    xunit.core (2.9.3)
      xunit.extensibility.core (2.9.3)
      xunit.extensibility.execution (2.9.3)
    xunit.extensibility.core (2.9.3)
      xunit.abstractions (>= 2.0.3)
    xunit.extensibility.execution (2.9.3)
      xunit.extensibility.core (2.9.3)
    xunit.runner.visualstudio (2.8.2)
      Microsoft.TestPlatform.ObjectModel (>= 17.10) - restriction: || (&& (== net10.0) (>= net462)) (== net462) (&& (== netstandard2.0) (>= net462)) (&& (== netstandard2.1) (>= net462))
