
Microsoft Visual Studio Solution File, Format Version 12.00
# Visual Studio 15
VisualStudioVersion = 15.0.27130.2027
MinimumVisualStudioVersion = 10.0.40219.1
Project("{2150E333-8FDC-42A3-9474-1A3956D46DE8}") = ".build", ".build", "{835ECDA0-7229-4D96-8B74-8D9F119E6683}"
	ProjectSection(SolutionItems) = preProject
		..\build.fsx = ..\build.fsx
		..\build.tools.fsx = ..\build.tools.fsx
		..\CHANGES.md = ..\CHANGES.md
		..\paket.dependencies = ..\paket.dependencies
		..\README.md = ..\README.md
	EndProjectSection
EndProject
Project("{8BC9CEB8-8B4A-11D0-8D11-00A0C91BC942}") = "CppPlayground", "CppPlayground\CppPlayground.vcxproj", "{4959E124-9DEB-4396-826A-6760FC2FA0B5}"
EndProject
Global
	GlobalSection(SolutionConfigurationPlatforms) = preSolution
		Debug|Any CPU = Debug|Any CPU
		Debug|x64 = Debug|x64
		Debug|x86 = Debug|x86
		Release|Any CPU = Release|Any CPU
		Release|x64 = Release|x64
		Release|x86 = Release|x86
	EndGlobalSection
	GlobalSection(ProjectConfigurationPlatforms) = postSolution
		{4959E124-9DEB-4396-826A-6760FC2FA0B5}.Debug|Any CPU.ActiveCfg = Debug|x64
		{4959E124-9DEB-4396-826A-6760FC2FA0B5}.Debug|Any CPU.Build.0 = Debug|x64
		{4959E124-9DEB-4396-826A-6760FC2FA0B5}.Debug|x64.ActiveCfg = Debug|x64
		{4959E124-9DEB-4396-826A-6760FC2FA0B5}.Debug|x64.Build.0 = Debug|x64
		{4959E124-9DEB-4396-826A-6760FC2FA0B5}.Debug|x86.ActiveCfg = Debug|Win32
		{4959E124-9DEB-4396-826A-6760FC2FA0B5}.Debug|x86.Build.0 = Debug|Win32
		{4959E124-9DEB-4396-826A-6760FC2FA0B5}.Release|Any CPU.ActiveCfg = Release|Win32
		{4959E124-9DEB-4396-826A-6760FC2FA0B5}.Release|x64.ActiveCfg = Release|x64
		{4959E124-9DEB-4396-826A-6760FC2FA0B5}.Release|x64.Build.0 = Release|x64
		{4959E124-9DEB-4396-826A-6760FC2FA0B5}.Release|x86.ActiveCfg = Release|Win32
		{4959E124-9DEB-4396-826A-6760FC2FA0B5}.Release|x86.Build.0 = Release|Win32
	EndGlobalSection
	GlobalSection(SolutionProperties) = preSolution
		HideSolutionNode = FALSE
	EndGlobalSection
	GlobalSection(ExtensibilityGlobals) = postSolution
		SolutionGuid = {0DCF668B-4CAC-4C19-B123-264A116161D4}
	EndGlobalSection
EndGlobal
