
Microsoft Visual Studio Solution File, Format Version 12.00
# Visual Studio 15
VisualStudioVersion = 15.0.27130.2036
MinimumVisualStudioVersion = 10.0.40219.1
Project("{9A19103F-16F7-4668-BE54-9A1E7A4F7556}") = "K4os.Compression.LZ4", "K4os.Compression.LZ4\K4os.Compression.LZ4.csproj", "{6C3B6DD6-2502-4292-A06C-D8230A7150CA}"
EndProject
Project("{9A19103F-16F7-4668-BE54-9A1E7A4F7556}") = "K4os.Compression.LZ4.Test", "K4os.Compression.LZ4.Test\K4os.Compression.LZ4.Test.csproj", "{CF82A759-F1C2-4D14-ABFD-F79945C557E6}"
EndProject
Project("{2150E333-8FDC-42A3-9474-1A3956D46DE8}") = ".build", ".build", "{835ECDA0-7229-4D96-8B74-8D9F119E6683}"
	ProjectSection(SolutionItems) = preProject
		..\build.fsx = ..\build.fsx
		..\build.tools.fsx = ..\build.tools.fsx
		..\CHANGES.md = ..\CHANGES.md
		..\paket.dependencies = ..\paket.dependencies
		..\README.md = ..\README.md
	EndProjectSection
EndProject
Project("{2150E333-8FDC-42A3-9474-1A3956D46DE8}") = "sanitized", "sanitized", "{9E28A764-FAC1-4E5C-ABAF-2B2F75173177}"
	ProjectSection(SolutionItems) = preProject
		sanitized\lz4.c = sanitized\lz4.c
		sanitized\lz4frame.c = sanitized\lz4frame.c
		sanitized\lz4hc.c = sanitized\lz4hc.c
		sanitized\lz4opt.h = sanitized\lz4opt.h
	EndProjectSection
EndProject
Global
	GlobalSection(SolutionConfigurationPlatforms) = preSolution
		Debug|Any CPU = Debug|Any CPU
		Debug|x64 = Debug|x64
		Debug|x86 = Debug|x86
		Release|Any CPU = Release|Any CPU
		Release|x64 = Release|x64
		Release|x86 = Release|x86
	EndGlobalSection
	GlobalSection(ProjectConfigurationPlatforms) = postSolution
		{6C3B6DD6-2502-4292-A06C-D8230A7150CA}.Debug|Any CPU.ActiveCfg = Debug|Any CPU
		{6C3B6DD6-2502-4292-A06C-D8230A7150CA}.Debug|Any CPU.Build.0 = Debug|Any CPU
		{6C3B6DD6-2502-4292-A06C-D8230A7150CA}.Debug|x64.ActiveCfg = Debug|Any CPU
		{6C3B6DD6-2502-4292-A06C-D8230A7150CA}.Debug|x64.Build.0 = Debug|Any CPU
		{6C3B6DD6-2502-4292-A06C-D8230A7150CA}.Debug|x86.ActiveCfg = Debug|Any CPU
		{6C3B6DD6-2502-4292-A06C-D8230A7150CA}.Debug|x86.Build.0 = Debug|Any CPU
		{6C3B6DD6-2502-4292-A06C-D8230A7150CA}.Release|Any CPU.ActiveCfg = Release|Any CPU
		{6C3B6DD6-2502-4292-A06C-D8230A7150CA}.Release|Any CPU.Build.0 = Release|Any CPU
		{6C3B6DD6-2502-4292-A06C-D8230A7150CA}.Release|x64.ActiveCfg = Release|Any CPU
		{6C3B6DD6-2502-4292-A06C-D8230A7150CA}.Release|x64.Build.0 = Release|Any CPU
		{6C3B6DD6-2502-4292-A06C-D8230A7150CA}.Release|x86.ActiveCfg = Release|Any CPU
		{6C3B6DD6-2502-4292-A06C-D8230A7150CA}.Release|x86.Build.0 = Release|Any CPU
		{CF82A759-F1C2-4D14-ABFD-F79945C557E6}.Debug|Any CPU.ActiveCfg = Debug|Any CPU
		{CF82A759-F1C2-4D14-ABFD-F79945C557E6}.Debug|Any CPU.Build.0 = Debug|Any CPU
		{CF82A759-F1C2-4D14-ABFD-F79945C557E6}.Debug|x64.ActiveCfg = Debug|Any CPU
		{CF82A759-F1C2-4D14-ABFD-F79945C557E6}.Debug|x64.Build.0 = Debug|Any CPU
		{CF82A759-F1C2-4D14-ABFD-F79945C557E6}.Debug|x86.ActiveCfg = Debug|Any CPU
		{CF82A759-F1C2-4D14-ABFD-F79945C557E6}.Debug|x86.Build.0 = Debug|Any CPU
		{CF82A759-F1C2-4D14-ABFD-F79945C557E6}.Release|Any CPU.ActiveCfg = Release|Any CPU
		{CF82A759-F1C2-4D14-ABFD-F79945C557E6}.Release|Any CPU.Build.0 = Release|Any CPU
		{CF82A759-F1C2-4D14-ABFD-F79945C557E6}.Release|x64.ActiveCfg = Release|Any CPU
		{CF82A759-F1C2-4D14-ABFD-F79945C557E6}.Release|x64.Build.0 = Release|Any CPU
		{CF82A759-F1C2-4D14-ABFD-F79945C557E6}.Release|x86.ActiveCfg = Release|Any CPU
		{CF82A759-F1C2-4D14-ABFD-F79945C557E6}.Release|x86.Build.0 = Release|Any CPU
	EndGlobalSection
	GlobalSection(SolutionProperties) = preSolution
		HideSolutionNode = FALSE
	EndGlobalSection
	GlobalSection(ExtensibilityGlobals) = postSolution
		SolutionGuid = {0DCF668B-4CAC-4C19-B123-264A116161D4}
	EndGlobalSection
EndGlobal
