
Microsoft Visual Studio Solution File, Format Version 12.00
# Visual Studio 15
VisualStudioVersion = 15.0.27130.2024
MinimumVisualStudioVersion = 10.0.40219.1
Project("{2150E333-8FDC-42A3-9474-1A3956D46DE8}") = ".environment", ".environment", "{C2B7D0EC-90F5-4B72-95D7-1975B0D27B82}"
	ProjectSection(SolutionItems) = preProject
		..\.secrets.cfg = ..\.secrets.cfg
		..\.gitignore = ..\.gitignore
		..\Directory.Packages.props = ..\Directory.Packages.props
		..\Directory.Build.props = ..\Directory.Build.props
		..\Directory.Build.targets = ..\Directory.Build.targets
		..\settings.cfg = ..\settings.cfg
		..\.env = ..\.env
		..\global.json = ..\global.json
		..\nuget.config = ..\nuget.config
		..\paket.dependencies = ..\paket.dependencies
		..\PublicAssembly.props = ..\PublicAssembly.props
	EndProjectSection
EndProject
Project("{2150E333-8FDC-42A3-9474-1A3956D46DE8}") = ".resources", ".resources", "{D3DD64C0-D60B-4727-8ED7-E32A4140233C}"
	ProjectSection(SolutionItems) = preProject
		..\CHANGES.md = ..\CHANGES.md
		..\LICENSE = ..\LICENSE
		..\README.md = ..\README.md
	EndProjectSection
EndProject
Project("{FAE04EC0-301F-11D3-BF4B-00C04F79EFBC}") = "_build", "..\.nuke\build\_build.csproj", "{2A9010B8-39A7-4104-A8E9-E19281E693D3}"
EndProject
Project("{9A19103F-16F7-4668-BE54-9A1E7A4F7556}") = "K4os.Compression.LZ4", "K4os.Compression.LZ4\K4os.Compression.LZ4.csproj", "{CF4A38F5-471D-42CC-A4E6-8B5E31601644}"
EndProject
Project("{FAE04EC0-301F-11D3-BF4B-00C04F79EFBC}") = "K4os.Compression.LZ4.Tests", "K4os.Compression.LZ4.Tests\K4os.Compression.LZ4.Tests.csproj", "{F8F5D4B1-F2EE-452E-9EA0-CB6348E1EF90}"
EndProject
Project("{FAE04EC0-301F-11D3-BF4B-00C04F79EFBC}") = "K4os.Compression.LZ4.App", "K4os.Compression.LZ4.App\K4os.Compression.LZ4.App.csproj", "{7FCF7B4D-51F6-4859-818A-AC6E794CCF69}"
EndProject
Project("{FAE04EC0-301F-11D3-BF4B-00C04F79EFBC}") = "K4os.Compression.LZ4.Legacy", "K4os.Compression.LZ4.Legacy\K4os.Compression.LZ4.Legacy.csproj", "{0C85D933-31ED-415A-A9F3-77B6B6B3982F}"
EndProject
Project("{FAE04EC0-301F-11D3-BF4B-00C04F79EFBC}") = "K4os.Compression.LZ4.Streams", "K4os.Compression.LZ4.Streams\K4os.Compression.LZ4.Streams.csproj", "{C77617A4-3A84-4AEF-BF97-0156B255AE98}"
EndProject
Project("{FAE04EC0-301F-11D3-BF4B-00C04F79EFBC}") = "K4os.Compression.LZ4.vPrev", "K4os.Compression.LZ4.vPrev\K4os.Compression.LZ4.vPrev.csproj", "{AAABC1EF-327F-4CED-B4F4-884C5D6EE2AB}"
EndProject
Project("{FAE04EC0-301F-11D3-BF4B-00C04F79EFBC}") = "TestHelpers", "TestHelpers\TestHelpers.csproj", "{F8BBFFEE-D5D5-44E0-B899-DBF050E86C20}"
EndProject
Project("{2150E333-8FDC-42A3-9474-1A3956D46DE8}") = "Tests", "Tests", "{E5551206-06DF-4D3B-8A58-9B82AEDC013D}"
EndProject
Project("{FAE04EC0-301F-11D3-BF4B-00C04F79EFBC}") = "K4os.Compression.LZ4.Streams.Tests", "K4os.Compression.LZ4.Streams.Tests\K4os.Compression.LZ4.Streams.Tests.csproj", "{3BDEF34B-DFC7-4170-AA03-A39D11304A28}"
EndProject
Project("{FAE04EC0-301F-11D3-BF4B-00C04F79EFBC}") = "K4os.Compression.LZ4.Legacy.Tests", "K4os.Compression.LZ4.Legacy.Tests\K4os.Compression.LZ4.Legacy.Tests.csproj", "{6145B47E-4B00-4BD7-A890-020FC4A73CA0}"
EndProject
Project("{FAE04EC0-301F-11D3-BF4B-00C04F79EFBC}") = "RoundtripApp", "RoundtripApp\RoundtripApp.csproj", "{E1F46C43-D79B-4E15-9C9C-ABEF580DEC1C}"
EndProject
Project("{FAE04EC0-301F-11D3-BF4B-00C04F79EFBC}") = "Benchmarks", "Benchmarks\Benchmarks.csproj", "{880E3456-FE1B-4070-A36F-4A503C3F75CF}"
EndProject
Project("{F2A71F9B-5D33-465A-A702-920D77279786}") = "FsBuildTools", "FsBuildTools\FsBuildTools.fsproj", "{1240DF36-0647-4172-A8CE-F7DCB4E8AF43}"
EndProject
Project("{2150E333-8FDC-42A3-9474-1A3956D46DE8}") = "Build", "Build", "{0A49F3E3-1FEA-4A7F-B9C1-F8F2CC123647}"
EndProject
Global
	GlobalSection(SolutionConfigurationPlatforms) = preSolution
		Debug|Any CPU = Debug|Any CPU
		Release|Any CPU = Release|Any CPU
	EndGlobalSection
	GlobalSection(ProjectConfigurationPlatforms) = postSolution
		{CF4A38F5-471D-42CC-A4E6-8B5E31601644}.Debug|Any CPU.ActiveCfg = Debug|Any CPU
		{CF4A38F5-471D-42CC-A4E6-8B5E31601644}.Debug|Any CPU.Build.0 = Debug|Any CPU
		{CF4A38F5-471D-42CC-A4E6-8B5E31601644}.Release|Any CPU.ActiveCfg = Release|Any CPU
		{CF4A38F5-471D-42CC-A4E6-8B5E31601644}.Release|Any CPU.Build.0 = Release|Any CPU
		{F8F5D4B1-F2EE-452E-9EA0-CB6348E1EF90}.Debug|Any CPU.ActiveCfg = Debug|Any CPU
		{F8F5D4B1-F2EE-452E-9EA0-CB6348E1EF90}.Debug|Any CPU.Build.0 = Debug|Any CPU
		{F8F5D4B1-F2EE-452E-9EA0-CB6348E1EF90}.Release|Any CPU.ActiveCfg = Release|Any CPU
		{F8F5D4B1-F2EE-452E-9EA0-CB6348E1EF90}.Release|Any CPU.Build.0 = Release|Any CPU
		{7FCF7B4D-51F6-4859-818A-AC6E794CCF69}.Debug|Any CPU.ActiveCfg = Debug|Any CPU
		{7FCF7B4D-51F6-4859-818A-AC6E794CCF69}.Debug|Any CPU.Build.0 = Debug|Any CPU
		{7FCF7B4D-51F6-4859-818A-AC6E794CCF69}.Release|Any CPU.ActiveCfg = Release|Any CPU
		{7FCF7B4D-51F6-4859-818A-AC6E794CCF69}.Release|Any CPU.Build.0 = Release|Any CPU
		{2A9010B8-39A7-4104-A8E9-E19281E693D3}.Debug|Any CPU.ActiveCfg = Debug|Any CPU
		{2A9010B8-39A7-4104-A8E9-E19281E693D3}.Release|Any CPU.ActiveCfg = Release|Any CPU
		{0C85D933-31ED-415A-A9F3-77B6B6B3982F}.Debug|Any CPU.ActiveCfg = Debug|Any CPU
		{0C85D933-31ED-415A-A9F3-77B6B6B3982F}.Debug|Any CPU.Build.0 = Debug|Any CPU
		{0C85D933-31ED-415A-A9F3-77B6B6B3982F}.Release|Any CPU.ActiveCfg = Release|Any CPU
		{0C85D933-31ED-415A-A9F3-77B6B6B3982F}.Release|Any CPU.Build.0 = Release|Any CPU
		{C77617A4-3A84-4AEF-BF97-0156B255AE98}.Debug|Any CPU.ActiveCfg = Debug|Any CPU
		{C77617A4-3A84-4AEF-BF97-0156B255AE98}.Debug|Any CPU.Build.0 = Debug|Any CPU
		{C77617A4-3A84-4AEF-BF97-0156B255AE98}.Release|Any CPU.ActiveCfg = Release|Any CPU
		{C77617A4-3A84-4AEF-BF97-0156B255AE98}.Release|Any CPU.Build.0 = Release|Any CPU
		{AAABC1EF-327F-4CED-B4F4-884C5D6EE2AB}.Debug|Any CPU.ActiveCfg = Debug|Any CPU
		{AAABC1EF-327F-4CED-B4F4-884C5D6EE2AB}.Debug|Any CPU.Build.0 = Debug|Any CPU
		{AAABC1EF-327F-4CED-B4F4-884C5D6EE2AB}.Release|Any CPU.ActiveCfg = Release|Any CPU
		{AAABC1EF-327F-4CED-B4F4-884C5D6EE2AB}.Release|Any CPU.Build.0 = Release|Any CPU
		{F8BBFFEE-D5D5-44E0-B899-DBF050E86C20}.Debug|Any CPU.ActiveCfg = Debug|Any CPU
		{F8BBFFEE-D5D5-44E0-B899-DBF050E86C20}.Debug|Any CPU.Build.0 = Debug|Any CPU
		{F8BBFFEE-D5D5-44E0-B899-DBF050E86C20}.Release|Any CPU.ActiveCfg = Release|Any CPU
		{F8BBFFEE-D5D5-44E0-B899-DBF050E86C20}.Release|Any CPU.Build.0 = Release|Any CPU
		{3BDEF34B-DFC7-4170-AA03-A39D11304A28}.Debug|Any CPU.ActiveCfg = Debug|Any CPU
		{3BDEF34B-DFC7-4170-AA03-A39D11304A28}.Debug|Any CPU.Build.0 = Debug|Any CPU
		{3BDEF34B-DFC7-4170-AA03-A39D11304A28}.Release|Any CPU.ActiveCfg = Release|Any CPU
		{3BDEF34B-DFC7-4170-AA03-A39D11304A28}.Release|Any CPU.Build.0 = Release|Any CPU
		{6145B47E-4B00-4BD7-A890-020FC4A73CA0}.Debug|Any CPU.ActiveCfg = Debug|Any CPU
		{6145B47E-4B00-4BD7-A890-020FC4A73CA0}.Debug|Any CPU.Build.0 = Debug|Any CPU
		{6145B47E-4B00-4BD7-A890-020FC4A73CA0}.Release|Any CPU.ActiveCfg = Release|Any CPU
		{6145B47E-4B00-4BD7-A890-020FC4A73CA0}.Release|Any CPU.Build.0 = Release|Any CPU
		{E1F46C43-D79B-4E15-9C9C-ABEF580DEC1C}.Debug|Any CPU.ActiveCfg = Debug|Any CPU
		{E1F46C43-D79B-4E15-9C9C-ABEF580DEC1C}.Debug|Any CPU.Build.0 = Debug|Any CPU
		{E1F46C43-D79B-4E15-9C9C-ABEF580DEC1C}.Release|Any CPU.ActiveCfg = Release|Any CPU
		{E1F46C43-D79B-4E15-9C9C-ABEF580DEC1C}.Release|Any CPU.Build.0 = Release|Any CPU
		{880E3456-FE1B-4070-A36F-4A503C3F75CF}.Debug|Any CPU.ActiveCfg = Debug|Any CPU
		{880E3456-FE1B-4070-A36F-4A503C3F75CF}.Debug|Any CPU.Build.0 = Debug|Any CPU
		{880E3456-FE1B-4070-A36F-4A503C3F75CF}.Release|Any CPU.ActiveCfg = Release|Any CPU
		{880E3456-FE1B-4070-A36F-4A503C3F75CF}.Release|Any CPU.Build.0 = Release|Any CPU
		{1240DF36-0647-4172-A8CE-F7DCB4E8AF43}.Debug|Any CPU.ActiveCfg = Debug|Any CPU
		{1240DF36-0647-4172-A8CE-F7DCB4E8AF43}.Debug|Any CPU.Build.0 = Debug|Any CPU
		{1240DF36-0647-4172-A8CE-F7DCB4E8AF43}.Release|Any CPU.ActiveCfg = Release|Any CPU
		{1240DF36-0647-4172-A8CE-F7DCB4E8AF43}.Release|Any CPU.Build.0 = Release|Any CPU
	EndGlobalSection
	GlobalSection(SolutionProperties) = preSolution
		HideSolutionNode = FALSE
	EndGlobalSection
	GlobalSection(ExtensibilityGlobals) = postSolution
		SolutionGuid = {1E0FABBF-18A5-4EAD-AFD5-3D8982474C55}
	EndGlobalSection
	GlobalSection(NestedProjects) = preSolution
		{F8F5D4B1-F2EE-452E-9EA0-CB6348E1EF90} = {E5551206-06DF-4D3B-8A58-9B82AEDC013D}
		{F8BBFFEE-D5D5-44E0-B899-DBF050E86C20} = {E5551206-06DF-4D3B-8A58-9B82AEDC013D}
		{3BDEF34B-DFC7-4170-AA03-A39D11304A28} = {E5551206-06DF-4D3B-8A58-9B82AEDC013D}
		{6145B47E-4B00-4BD7-A890-020FC4A73CA0} = {E5551206-06DF-4D3B-8A58-9B82AEDC013D}
		{E1F46C43-D79B-4E15-9C9C-ABEF580DEC1C} = {E5551206-06DF-4D3B-8A58-9B82AEDC013D}
		{880E3456-FE1B-4070-A36F-4A503C3F75CF} = {E5551206-06DF-4D3B-8A58-9B82AEDC013D}
		{2A9010B8-39A7-4104-A8E9-E19281E693D3} = {0A49F3E3-1FEA-4A7F-B9C1-F8F2CC123647}
		{1240DF36-0647-4172-A8CE-F7DCB4E8AF43} = {0A49F3E3-1FEA-4A7F-B9C1-F8F2CC123647}
	EndGlobalSection
EndGlobal
